
Microsoft Visual Studio Solution File, Format Version 12.00
# Visual Studio Version 16
VisualStudioVersion = 16.0.30406.217
MinimumVisualStudioVersion = 10.0.40219.1
Project("{2150E333-8FDC-42A3-9474-1A3956D46DE8}") = "0. Solution Items", "0. Solution Items", "{15592DFE-2EB2-4F85-8EC3-382D6CC343A2}"
	ProjectSection(SolutionItems) = preProject
		README.md = README.md
	EndProjectSection
EndProject
Project("{2150E333-8FDC-42A3-9474-1A3956D46DE8}") = "1. Infrastructure", "1. Infrastructure", "{47E44827-0129-4578-97A1-0775BD3E9C1D}"
EndProject
Project("{9A19103F-16F7-4668-BE54-9A1E7A4F7556}") = "BusTracking.ViewModels", "BusTracking.ViewModels\BusTracking.ViewModels.csproj", "{CC887E6A-CC03-4206-AC5F-D9E23218A12F}"
EndProject
Project("{9A19103F-16F7-4668-BE54-9A1E7A4F7556}") = "BusTracking.Utilities", "BusTracking.Utilities\BusTracking.Utilities.csproj", "{8A076B76-F6EF-4260-BCEC-11140BCBBAA6}"
EndProject
Project("{2150E333-8FDC-42A3-9474-1A3956D46DE8}") = "2. Domain", "2. Domain", "{B633910C-B28D-4AB8-A03F-DC870E071A4B}"
EndProject
Project("{9A19103F-16F7-4668-BE54-9A1E7A4F7556}") = "BusTracking.Application", "BusTracking.Application\BusTracking.Application.csproj", "{AEC12BCA-D41E-46CD-AFFD-30E20CA787CB}"
EndProject
Project("{9A19103F-16F7-4668-BE54-9A1E7A4F7556}") = "BusTracking.Data", "BusTracking.Data\BusTracking.Data.csproj", "{4087F023-16D3-4281-B0DC-936ADE731C06}"
EndProject
Project("{2150E333-8FDC-42A3-9474-1A3956D46DE8}") = "3. Host Api", "3. Host Api", "{F0E77FFC-C759-412E-ADD3-FC1DE65397D4}"
EndProject
Project("{FAE04EC0-301F-11D3-BF4B-00C04F79EFBC}") = "BusTracking.BackendApi", "BusTracking.BackendApi\BusTracking.BackendApi.csproj", "{E488E42B-10EA-447D-9186-103FF2D7E7EF}"
EndProject
Global
	GlobalSection(SolutionConfigurationPlatforms) = preSolution
		Debug|Any CPU = Debug|Any CPU
		Release|Any CPU = Release|Any CPU
	EndGlobalSection
	GlobalSection(ProjectConfigurationPlatforms) = postSolution
		{CC887E6A-CC03-4206-AC5F-D9E23218A12F}.Debug|Any CPU.ActiveCfg = Debug|Any CPU
		{CC887E6A-CC03-4206-AC5F-D9E23218A12F}.Debug|Any CPU.Build.0 = Debug|Any CPU
		{CC887E6A-CC03-4206-AC5F-D9E23218A12F}.Release|Any CPU.ActiveCfg = Release|Any CPU
		{CC887E6A-CC03-4206-AC5F-D9E23218A12F}.Release|Any CPU.Build.0 = Release|Any CPU
		{8A076B76-F6EF-4260-BCEC-11140BCBBAA6}.Debug|Any CPU.ActiveCfg = Debug|Any CPU
		{8A076B76-F6EF-4260-BCEC-11140BCBBAA6}.Debug|Any CPU.Build.0 = Debug|Any CPU
		{8A076B76-F6EF-4260-BCEC-11140BCBBAA6}.Release|Any CPU.ActiveCfg = Release|Any CPU
		{8A076B76-F6EF-4260-BCEC-11140BCBBAA6}.Release|Any CPU.Build.0 = Release|Any CPU
		{AEC12BCA-D41E-46CD-AFFD-30E20CA787CB}.Debug|Any CPU.ActiveCfg = Debug|Any CPU
		{AEC12BCA-D41E-46CD-AFFD-30E20CA787CB}.Debug|Any CPU.Build.0 = Debug|Any CPU
		{AEC12BCA-D41E-46CD-AFFD-30E20CA787CB}.Release|Any CPU.ActiveCfg = Release|Any CPU
		{AEC12BCA-D41E-46CD-AFFD-30E20CA787CB}.Release|Any CPU.Build.0 = Release|Any CPU
		{4087F023-16D3-4281-B0DC-936ADE731C06}.Debug|Any CPU.ActiveCfg = Debug|Any CPU
		{4087F023-16D3-4281-B0DC-936ADE731C06}.Debug|Any CPU.Build.0 = Debug|Any CPU
		{4087F023-16D3-4281-B0DC-936ADE731C06}.Release|Any CPU.ActiveCfg = Release|Any CPU
		{4087F023-16D3-4281-B0DC-936ADE731C06}.Release|Any CPU.Build.0 = Release|Any CPU
		{E488E42B-10EA-447D-9186-103FF2D7E7EF}.Debug|Any CPU.ActiveCfg = Debug|Any CPU
		{E488E42B-10EA-447D-9186-103FF2D7E7EF}.Debug|Any CPU.Build.0 = Debug|Any CPU
		{E488E42B-10EA-447D-9186-103FF2D7E7EF}.Release|Any CPU.ActiveCfg = Release|Any CPU
		{E488E42B-10EA-447D-9186-103FF2D7E7EF}.Release|Any CPU.Build.0 = Release|Any CPU
	EndGlobalSection
	GlobalSection(SolutionProperties) = preSolution
		HideSolutionNode = FALSE
	EndGlobalSection
	GlobalSection(NestedProjects) = preSolution
		{CC887E6A-CC03-4206-AC5F-D9E23218A12F} = {47E44827-0129-4578-97A1-0775BD3E9C1D}
		{8A076B76-F6EF-4260-BCEC-11140BCBBAA6} = {47E44827-0129-4578-97A1-0775BD3E9C1D}
		{AEC12BCA-D41E-46CD-AFFD-30E20CA787CB} = {B633910C-B28D-4AB8-A03F-DC870E071A4B}
		{4087F023-16D3-4281-B0DC-936ADE731C06} = {B633910C-B28D-4AB8-A03F-DC870E071A4B}
		{E488E42B-10EA-447D-9186-103FF2D7E7EF} = {F0E77FFC-C759-412E-ADD3-FC1DE65397D4}
	EndGlobalSection
	GlobalSection(ExtensibilityGlobals) = postSolution
		SolutionGuid = {2AD78755-6438-403B-8131-9F1E42FF6395}
	EndGlobalSection
EndGlobal
